
Microsoft Visual Studio Solution File, Format Version 12.00
# Visual Studio 2012
Project("{8BC9CEB8-8B4A-11D0-8D11-00A0C91BC942}") = "Question5", "Question5\Question5.vcxproj", "{E4D12CB0-C098-49AA-B6EA-623D31272B4A}"
EndProject
Global
	GlobalSection(SolutionConfigurationPlatforms) = preSolution
		Debug|Win32 = Debug|Win32
		Release|Win32 = Release|Win32
	EndGlobalSection
	GlobalSection(ProjectConfigurationPlatforms) = postSolution
		{E4D12CB0-C098-49AA-B6EA-623D31272B4A}.Debug|Win32.ActiveCfg = Debug|Win32
		{E4D12CB0-C098-49AA-B6EA-623D31272B4A}.Debug|Win32.Build.0 = Debug|Win32
		{E4D12CB0-C098-49AA-B6EA-623D31272B4A}.Release|Win32.ActiveCfg = Release|Win32
		{E4D12CB0-C098-49AA-B6EA-623D31272B4A}.Release|Win32.Build.0 = Release|Win32
	EndGlobalSection
	GlobalSection(SolutionProperties) = preSolution
		HideSolutionNode = FALSE
	EndGlobalSection
	GlobalSection(Performance) = preSolution
		HasPerformanceSessions = true
	EndGlobalSection
EndGlobal
